{
  "requires": true,
  "lockfileVersion": 1,
  "dependencies": {
    "todomvc-app-css": {
      "version": "2.1.2",
      "resolved": "http://registry.npm.taobao.org/todomvc-app-css/download/todomvc-app-css-2.1.2.tgz",
      "integrity": "sha1-9kTBMIulG5g0Nkl+MPOr6WHKnGI="
    },
    "todomvc-common": {
      "version": "1.0.5",
      "resolved": "http://registry.npm.taobao.org/todomvc-common/download/todomvc-common-1.0.5.tgz",
      "integrity": "sha1-jD55msnx/BVz4MIE+YRRCCaRRzA="
    },
    "vue": {
      "version": "2.5.17",
      "resolved": "http://registry.npm.taobao.org/vue/download/vue-2.5.17.tgz",
      "integrity": "sha1-D4eJrXGL5oyhhyYpgy7VM1icato="
    }
  }
}
